
Microsoft Visual Studio Solution File, Format Version 12.00
# Visual Studio Version 16
VisualStudioVersion = 16.0.30114.105
MinimumVisualStudioVersion = 10.0.40219.1
Project("{FAE04EC0-301F-11D3-BF4B-00C04F79EFBC}") = "HelloWorld", "HelloWorldDemo\HelloWorld.csproj", "{D04D9970-7889-4822-AB35-622E6BC64001}"
EndProject
Global
	GlobalSection(SolutionConfigurationPlatforms) = preSolution
		Debug|Any CPU = Debug|Any CPU
		Release|Any CPU = Release|Any CPU
	EndGlobalSection
	GlobalSection(ProjectConfigurationPlatforms) = postSolution
		{D04D9970-7889-4822-AB35-622E6BC64001}.Debug|Any CPU.ActiveCfg = Debug|Any CPU
		{D04D9970-7889-4822-AB35-622E6BC64001}.Debug|Any CPU.Build.0 = Debug|Any CPU
		{D04D9970-7889-4822-AB35-622E6BC64001}.Release|Any CPU.ActiveCfg = Release|Any CPU
		{D04D9970-7889-4822-AB35-622E6BC64001}.Release|Any CPU.Build.0 = Release|Any CPU
	EndGlobalSection
	GlobalSection(SolutionProperties) = preSolution
		HideSolutionNode = FALSE
	EndGlobalSection
	GlobalSection(ExtensibilityGlobals) = postSolution
		SolutionGuid = {2EE8D887-BEA2-4EBD-8BFD-75B43BD8985B}
	EndGlobalSection
EndGlobal
